
Microsoft Visual Studio Solution File, Format Version 12.00
# Visual Studio 15
VisualStudioVersion = 15.0.27004.2005
MinimumVisualStudioVersion = 10.0.40219.1
Project("{FAE04EC0-301F-11D3-BF4B-00C04F79EFBC}") = "1. Hospital Database", "1. Hospital Database\1. Hospital Database.csproj", "{6312E61C-C8DC-4AAE-85AB-25043733D57C}"
EndProject
Global
	GlobalSection(SolutionConfigurationPlatforms) = preSolution
		Debug|Any CPU = Debug|Any CPU
		Release|Any CPU = Release|Any CPU
	EndGlobalSection
	GlobalSection(ProjectConfigurationPlatforms) = postSolution
		{6312E61C-C8DC-4AAE-85AB-25043733D57C}.Debug|Any CPU.ActiveCfg = Debug|Any CPU
		{6312E61C-C8DC-4AAE-85AB-25043733D57C}.Debug|Any CPU.Build.0 = Debug|Any CPU
		{6312E61C-C8DC-4AAE-85AB-25043733D57C}.Release|Any CPU.ActiveCfg = Release|Any CPU
		{6312E61C-C8DC-4AAE-85AB-25043733D57C}.Release|Any CPU.Build.0 = Release|Any CPU
	EndGlobalSection
	GlobalSection(SolutionProperties) = preSolution
		HideSolutionNode = FALSE
	EndGlobalSection
	GlobalSection(ExtensibilityGlobals) = postSolution
		SolutionGuid = {E9F1B2EB-F562-4F44-8F8E-26D5C9E3F3D4}
	EndGlobalSection
EndGlobal
